// !$*UTF8*$!
{
	archiveVersion = 1;
	classes = {
	};
	objectVersion = 46;
	objects = {

/* Begin PBXBuildFile section */
		5310EEA11F4DCD0A00486589 /* AppDelegate.swift in Sources */ = {isa = PBXBuildFile; fileRef = 5310EEA01F4DCD0A00486589 /* AppDelegate.swift */; };
		5310EEA61F4DCD0A00486589 /* Main.storyboard in Resources */ = {isa = PBXBuildFile; fileRef = 5310EEA41F4DCD0A00486589 /* Main.storyboard */; };
		5310EEA81F4DCD0A00486589 /* Assets.xcassets in Resources */ = {isa = PBXBuildFile; fileRef = 5310EEA71F4DCD0A00486589 /* Assets.xcassets */; };
		5310EEAB1F4DCD0A00486589 /* LaunchScreen.storyboard in Resources */ = {isa = PBXBuildFile; fileRef = 5310EEA91F4DCD0A00486589 /* LaunchScreen.storyboard */; };
		53BC50C81F572BAC00BE76B8 /* LoginViewController.swift in Sources */ = {isa = PBXBuildFile; fileRef = 53BC50C71F572BAC00BE76B8 /* LoginViewController.swift */; };
		53BC50CC1F572BF200BE76B8 /* User.swift in Sources */ = {isa = PBXBuildFile; fileRef = 53BC50CB1F572BF200BE76B8 /* User.swift */; };
		53BC50D11F57901900BE76B8 /* Cache.swift in Sources */ = {isa = PBXBuildFile; fileRef = 53BC50D01F57901900BE76B8 /* Cache.swift */; };
		53BC50D41F57904B00BE76B8 /* ApiConfig.swift in Sources */ = {isa = PBXBuildFile; fileRef = 53BC50D31F57904B00BE76B8 /* ApiConfig.swift */; };
		53BC50D61F57A13B00BE76B8 /* ExtString.swift in Sources */ = {isa = PBXBuildFile; fileRef = 53BC50D51F57A13B00BE76B8 /* ExtString.swift */; };
		53BC50D81F57A23400BE76B8 /* AppCache.swift in Sources */ = {isa = PBXBuildFile; fileRef = 53BC50D71F57A23400BE76B8 /* AppCache.swift */; };
		53BC50DA1F57A84200BE76B8 /* TelLoginViewController.swift in Sources */ = {isa = PBXBuildFile; fileRef = 53BC50D91F57A84200BE76B8 /* TelLoginViewController.swift */; };
		53BC50DE1F57F61A00BE76B8 /* ApiHelper.swift in Sources */ = {isa = PBXBuildFile; fileRef = 53BC50DD1F57F61A00BE76B8 /* ApiHelper.swift */; };
		53BC50E31F5821F200BE76B8 /* RegisterViewController.swift in Sources */ = {isa = PBXBuildFile; fileRef = 53BC50E21F5821F200BE76B8 /* RegisterViewController.swift */; };
		53BC50E51F58429900BE76B8 /* CompleteInfoViewController.swift in Sources */ = {isa = PBXBuildFile; fileRef = 53BC50E41F58429900BE76B8 /* CompleteInfoViewController.swift */; };
		53BC50E71F5843A900BE76B8 /* ExtViewController.swift in Sources */ = {isa = PBXBuildFile; fileRef = 53BC50E61F5843A900BE76B8 /* ExtViewController.swift */; };
		BA8945D2181CB8116D43A4BE /* Pods_OOG_iOS.framework in Frameworks */ = {isa = PBXBuildFile; fileRef = 7846A2D5413E6A4C85493785 /* Pods_OOG_iOS.framework */; };
/* End PBXBuildFile section */

/* Begin PBXFileReference section */
		5310EE9D1F4DCD0A00486589 /* OOG-iOS.app */ = {isa = PBXFileReference; explicitFileType = wrapper.application; includeInIndex = 0; path = "OOG-iOS.app"; sourceTree = BUILT_PRODUCTS_DIR; };
		5310EEA01F4DCD0A00486589 /* AppDelegate.swift */ = {isa = PBXFileReference; lastKnownFileType = sourcecode.swift; path = AppDelegate.swift; sourceTree = "<group>"; };
		5310EEA51F4DCD0A00486589 /* Base */ = {isa = PBXFileReference; lastKnownFileType = file.storyboard; name = Base; path = Base.lproj/Main.storyboard; sourceTree = "<group>"; };
		5310EEA71F4DCD0A00486589 /* Assets.xcassets */ = {isa = PBXFileReference; lastKnownFileType = folder.assetcatalog; path = Assets.xcassets; sourceTree = "<group>"; };
		5310EEAA1F4DCD0A00486589 /* Base */ = {isa = PBXFileReference; lastKnownFileType = file.storyboard; name = Base; path = Base.lproj/LaunchScreen.storyboard; sourceTree = "<group>"; };
		5310EEAC1F4DCD0A00486589 /* Info.plist */ = {isa = PBXFileReference; lastKnownFileType = text.plist.xml; path = Info.plist; sourceTree = "<group>"; };
		53BC50C71F572BAC00BE76B8 /* LoginViewController.swift */ = {isa = PBXFileReference; fileEncoding = 4; lastKnownFileType = sourcecode.swift; path = LoginViewController.swift; sourceTree = "<group>"; };
		53BC50CB1F572BF200BE76B8 /* User.swift */ = {isa = PBXFileReference; fileEncoding = 4; lastKnownFileType = sourcecode.swift; path = User.swift; sourceTree = "<group>"; };
		53BC50D01F57901900BE76B8 /* Cache.swift */ = {isa = PBXFileReference; fileEncoding = 4; lastKnownFileType = sourcecode.swift; path = Cache.swift; sourceTree = "<group>"; };
		53BC50D31F57904B00BE76B8 /* ApiConfig.swift */ = {isa = PBXFileReference; fileEncoding = 4; lastKnownFileType = sourcecode.swift; path = ApiConfig.swift; sourceTree = "<group>"; };
		53BC50D51F57A13B00BE76B8 /* ExtString.swift */ = {isa = PBXFileReference; fileEncoding = 4; lastKnownFileType = sourcecode.swift; path = ExtString.swift; sourceTree = "<group>"; };
		53BC50D71F57A23400BE76B8 /* AppCache.swift */ = {isa = PBXFileReference; fileEncoding = 4; lastKnownFileType = sourcecode.swift; path = AppCache.swift; sourceTree = "<group>"; };
		53BC50D91F57A84200BE76B8 /* TelLoginViewController.swift */ = {isa = PBXFileReference; fileEncoding = 4; lastKnownFileType = sourcecode.swift; path = TelLoginViewController.swift; sourceTree = "<group>"; };
		53BC50DD1F57F61A00BE76B8 /* ApiHelper.swift */ = {isa = PBXFileReference; fileEncoding = 4; lastKnownFileType = sourcecode.swift; path = ApiHelper.swift; sourceTree = "<group>"; };
		53BC50E21F5821F200BE76B8 /* RegisterViewController.swift */ = {isa = PBXFileReference; fileEncoding = 4; lastKnownFileType = sourcecode.swift; path = RegisterViewController.swift; sourceTree = "<group>"; };
		53BC50E41F58429900BE76B8 /* CompleteInfoViewController.swift */ = {isa = PBXFileReference; fileEncoding = 4; lastKnownFileType = sourcecode.swift; path = CompleteInfoViewController.swift; sourceTree = "<group>"; };
		53BC50E61F5843A900BE76B8 /* ExtViewController.swift */ = {isa = PBXFileReference; fileEncoding = 4; lastKnownFileType = sourcecode.swift; path = ExtViewController.swift; sourceTree = "<group>"; };
		7846A2D5413E6A4C85493785 /* Pods_OOG_iOS.framework */ = {isa = PBXFileReference; explicitFileType = wrapper.framework; includeInIndex = 0; path = Pods_OOG_iOS.framework; sourceTree = BUILT_PRODUCTS_DIR; };
		85BC7E30828E48D9641450F7 /* Pods-OOG-iOS.release.xcconfig */ = {isa = PBXFileReference; includeInIndex = 1; lastKnownFileType = text.xcconfig; name = "Pods-OOG-iOS.release.xcconfig"; path = "Pods/Target Support Files/Pods-OOG-iOS/Pods-OOG-iOS.release.xcconfig"; sourceTree = "<group>"; };
		F4EF3DDFB7567F930C84339F /* Pods-OOG-iOS.debug.xcconfig */ = {isa = PBXFileReference; includeInIndex = 1; lastKnownFileType = text.xcconfig; name = "Pods-OOG-iOS.debug.xcconfig"; path = "Pods/Target Support Files/Pods-OOG-iOS/Pods-OOG-iOS.debug.xcconfig"; sourceTree = "<group>"; };
/* End PBXFileReference section */

/* Begin PBXFrameworksBuildPhase section */
		5310EE9A1F4DCD0A00486589 /* Frameworks */ = {
			isa = PBXFrameworksBuildPhase;
			buildActionMask = 2147483647;
			files = (
				BA8945D2181CB8116D43A4BE /* Pods_OOG_iOS.framework in Frameworks */,
			);
			runOnlyForDeploymentPostprocessing = 0;
		};
/* End PBXFrameworksBuildPhase section */

/* Begin PBXGroup section */
		5310EE941F4DCD0A00486589 = {
			isa = PBXGroup;
			children = (
				5310EE9F1F4DCD0A00486589 /* OOG-iOS */,
				5310EE9E1F4DCD0A00486589 /* Products */,
				BEDD2AC9AEFCFDC44657D891 /* Pods */,
				BC0911667DD6A721066B681E /* Frameworks */,
			);
			sourceTree = "<group>";
		};
		5310EE9E1F4DCD0A00486589 /* Products */ = {
			isa = PBXGroup;
			children = (
				5310EE9D1F4DCD0A00486589 /* OOG-iOS.app */,
			);
			name = Products;
			sourceTree = "<group>";
		};
		5310EE9F1F4DCD0A00486589 /* OOG-iOS */ = {
			isa = PBXGroup;
			children = (
				53BC50C01F572AC800BE76B8 /* Classes */,
				53BC50C11F572ACF00BE76B8 /* Kit */,
				53BC50C31F572AE500BE76B8 /* Resourses */,
				53BC50BF1F572AAE00BE76B8 /* Storyboards */,
				53BC50BE1F572A7B00BE76B8 /* Supporting Files */,
			);
			path = "OOG-iOS";
			sourceTree = "<group>";
		};
		53BC50BE1F572A7B00BE76B8 /* Supporting Files */ = {
			isa = PBXGroup;
			children = (
				5310EEA01F4DCD0A00486589 /* AppDelegate.swift */,
				5310EEAC1F4DCD0A00486589 /* Info.plist */,
				5310EEA71F4DCD0A00486589 /* Assets.xcassets */,
			);
			name = "Supporting Files";
			sourceTree = "<group>";
		};
		53BC50BF1F572AAE00BE76B8 /* Storyboards */ = {
			isa = PBXGroup;
			children = (
				5310EEA91F4DCD0A00486589 /* LaunchScreen.storyboard */,
				5310EEA41F4DCD0A00486589 /* Main.storyboard */,
			);
			name = Storyboards;
			sourceTree = "<group>";
		};
		53BC50C01F572AC800BE76B8 /* Classes */ = {
			isa = PBXGroup;
			children = (
				53BC50C61F572B8900BE76B8 /* Module */,
				53BC50C91F572BCA00BE76B8 /* Common */,
			);
			name = Classes;
			sourceTree = "<group>";
		};
		53BC50C11F572ACF00BE76B8 /* Kit */ = {
			isa = PBXGroup;
			children = (
				53BC50D21F57902D00BE76B8 /* Utils */,
			);
			name = Kit;
			sourceTree = "<group>";
		};
		53BC50C31F572AE500BE76B8 /* Resourses */ = {
			isa = PBXGroup;
			children = (
			);
			name = Resourses;
			sourceTree = "<group>";
		};
		53BC50C41F572B5C00BE76B8 /* ProfileModule */ = {
			isa = PBXGroup;
			children = (
			);
			name = ProfileModule;
			sourceTree = "<group>";
		};
		53BC50C51F572B7A00BE76B8 /* LoginModule */ = {
			isa = PBXGroup;
			children = (
				53BC50C71F572BAC00BE76B8 /* LoginViewController.swift */,
				53BC50D91F57A84200BE76B8 /* TelLoginViewController.swift */,
				53BC50E21F5821F200BE76B8 /* RegisterViewController.swift */,
				53BC50E41F58429900BE76B8 /* CompleteInfoViewController.swift */,
			);
			name = LoginModule;
			sourceTree = "<group>";
		};
		53BC50C61F572B8900BE76B8 /* Module */ = {
			isa = PBXGroup;
			children = (
				53BC50C51F572B7A00BE76B8 /* LoginModule */,
				53BC50C41F572B5C00BE76B8 /* ProfileModule */,
			);
			name = Module;
			sourceTree = "<group>";
		};
		53BC50C91F572BCA00BE76B8 /* Common */ = {
			isa = PBXGroup;
			children = (
				53BC50DF1F57F63F00BE76B8 /* Helper */,
				53BC50CF1F57900700BE76B8 /* Consts */,
				53BC50CA1F572BE400BE76B8 /* Models */,
			);
			name = Common;
			sourceTree = "<group>";
		};
		53BC50CA1F572BE400BE76B8 /* Models */ = {
			isa = PBXGroup;
			children = (
				53BC50CB1F572BF200BE76B8 /* User.swift */,
			);
			name = Models;
			sourceTree = "<group>";
		};
		53BC50CF1F57900700BE76B8 /* Consts */ = {
			isa = PBXGroup;
			children = (
				53BC50D01F57901900BE76B8 /* Cache.swift */,
			);
			name = Consts;
			sourceTree = "<group>";
		};
		53BC50D21F57902D00BE76B8 /* Utils */ = {
			isa = PBXGroup;
			children = (
				53BC50D71F57A23400BE76B8 /* AppCache.swift */,
				53BC50D31F57904B00BE76B8 /* ApiConfig.swift */,
				53BC50D51F57A13B00BE76B8 /* ExtString.swift */,
				53BC50E61F5843A900BE76B8 /* ExtViewController.swift */,
			);
			name = Utils;
			sourceTree = "<group>";
		};
		53BC50DF1F57F63F00BE76B8 /* Helper */ = {
			isa = PBXGroup;
			children = (
				53BC50DD1F57F61A00BE76B8 /* ApiHelper.swift */,
			);
			name = Helper;
			sourceTree = "<group>";
		};
		BC0911667DD6A721066B681E /* Frameworks */ = {
			isa = PBXGroup;
			children = (
				7846A2D5413E6A4C85493785 /* Pods_OOG_iOS.framework */,
			);
			name = Frameworks;
			sourceTree = "<group>";
		};
		BEDD2AC9AEFCFDC44657D891 /* Pods */ = {
			isa = PBXGroup;
			children = (
				F4EF3DDFB7567F930C84339F /* Pods-OOG-iOS.debug.xcconfig */,
				85BC7E30828E48D9641450F7 /* Pods-OOG-iOS.release.xcconfig */,
			);
			name = Pods;
			sourceTree = "<group>";
		};
/* End PBXGroup section */

/* Begin PBXNativeTarget section */
		5310EE9C1F4DCD0A00486589 /* OOG-iOS */ = {
			isa = PBXNativeTarget;
			buildConfigurationList = 5310EEAF1F4DCD0A00486589 /* Build configuration list for PBXNativeTarget "OOG-iOS" */;
			buildPhases = (
				63D0E2BB8DAA3EC477BB032D /* [CP] Check Pods Manifest.lock */,
				5310EE991F4DCD0A00486589 /* Sources */,
				5310EE9A1F4DCD0A00486589 /* Frameworks */,
				5310EE9B1F4DCD0A00486589 /* Resources */,
				CEDE57CE8645CD6F7CFDA75B /* [CP] Embed Pods Frameworks */,
				F6EAD31FF77FC9015D34C512 /* [CP] Copy Pods Resources */,
			);
			buildRules = (
			);
			dependencies = (
			);
			name = "OOG-iOS";
			productName = "OOG-iOS";
			productReference = 5310EE9D1F4DCD0A00486589 /* OOG-iOS.app */;
			productType = "com.apple.product-type.application";
		};
/* End PBXNativeTarget section */

/* Begin PBXProject section */
		5310EE951F4DCD0A00486589 /* Project object */ = {
			isa = PBXProject;
			attributes = {
				LastSwiftUpdateCheck = 0830;
				LastUpgradeCheck = 0830;
				ORGANIZATIONNAME = Nathan;
				TargetAttributes = {
					5310EE9C1F4DCD0A00486589 = {
						CreatedOnToolsVersion = 8.3.3;
						ProvisioningStyle = Automatic;
					};
				};
			};
			buildConfigurationList = 5310EE981F4DCD0A00486589 /* Build configuration list for PBXProject "OOG-iOS" */;
			compatibilityVersion = "Xcode 3.2";
			developmentRegion = English;
			hasScannedForEncodings = 0;
			knownRegions = (
				en,
				Base,
			);
			mainGroup = 5310EE941F4DCD0A00486589;
			productRefGroup = 5310EE9E1F4DCD0A00486589 /* Products */;
			projectDirPath = "";
			projectRoot = "";
			targets = (
				5310EE9C1F4DCD0A00486589 /* OOG-iOS */,
			);
		};
/* End PBXProject section */

/* Begin PBXResourcesBuildPhase section */
		5310EE9B1F4DCD0A00486589 /* Resources */ = {
			isa = PBXResourcesBuildPhase;
			buildActionMask = 2147483647;
			files = (
				5310EEAB1F4DCD0A00486589 /* LaunchScreen.storyboard in Resources */,
				5310EEA81F4DCD0A00486589 /* Assets.xcassets in Resources */,
				5310EEA61F4DCD0A00486589 /* Main.storyboard in Resources */,
			);
			runOnlyForDeploymentPostprocessing = 0;
		};
/* End PBXResourcesBuildPhase section */

/* Begin PBXShellScriptBuildPhase section */
		63D0E2BB8DAA3EC477BB032D /* [CP] Check Pods Manifest.lock */ = {
			isa = PBXShellScriptBuildPhase;
			buildActionMask = 2147483647;
			files = (
			);
			inputPaths = (
			);
			name = "[CP] Check Pods Manifest.lock";
			outputPaths = (
			);
			runOnlyForDeploymentPostprocessing = 0;
			shellPath = /bin/sh;
			shellScript = "diff \"${PODS_PODFILE_DIR_PATH}/Podfile.lock\" \"${PODS_ROOT}/Manifest.lock\" > /dev/null\nif [ $? != 0 ] ; then\n    # print error to STDERR\n    echo \"error: The sandbox is not in sync with the Podfile.lock. Run 'pod install' or update your CocoaPods installation.\" >&2\n    exit 1\nfi\n";
			showEnvVarsInLog = 0;
		};
		CEDE57CE8645CD6F7CFDA75B /* [CP] Embed Pods Frameworks */ = {
			isa = PBXShellScriptBuildPhase;
			buildActionMask = 2147483647;
			files = (
			);
			inputPaths = (
			);
			name = "[CP] Embed Pods Frameworks";
			outputPaths = (
			);
			runOnlyForDeploymentPostprocessing = 0;
			shellPath = /bin/sh;
			shellScript = "\"${SRCROOT}/Pods/Target Support Files/Pods-OOG-iOS/Pods-OOG-iOS-frameworks.sh\"\n";
			showEnvVarsInLog = 0;
		};
		F6EAD31FF77FC9015D34C512 /* [CP] Copy Pods Resources */ = {
			isa = PBXShellScriptBuildPhase;
			buildActionMask = 2147483647;
			files = (
			);
			inputPaths = (
			);
			name = "[CP] Copy Pods Resources";
			outputPaths = (
			);
			runOnlyForDeploymentPostprocessing = 0;
			shellPath = /bin/sh;
			shellScript = "\"${SRCROOT}/Pods/Target Support Files/Pods-OOG-iOS/Pods-OOG-iOS-resources.sh\"\n";
			showEnvVarsInLog = 0;
		};
/* End PBXShellScriptBuildPhase section */

/* Begin PBXSourcesBuildPhase section */
		5310EE991F4DCD0A00486589 /* Sources */ = {
			isa = PBXSourcesBuildPhase;
			buildActionMask = 2147483647;
			files = (
				53BC50D41F57904B00BE76B8 /* ApiConfig.swift in Sources */,
				53BC50E31F5821F200BE76B8 /* RegisterViewController.swift in Sources */,
				53BC50C81F572BAC00BE76B8 /* LoginViewController.swift in Sources */,
				5310EEA11F4DCD0A00486589 /* AppDelegate.swift in Sources */,
				53BC50D11F57901900BE76B8 /* Cache.swift in Sources */,
				53BC50E51F58429900BE76B8 /* CompleteInfoViewController.swift in Sources */,
				53BC50E71F5843A900BE76B8 /* ExtViewController.swift in Sources */,
				53BC50DE1F57F61A00BE76B8 /* ApiHelper.swift in Sources */,
				53BC50DA1F57A84200BE76B8 /* TelLoginViewController.swift in Sources */,
				53BC50D61F57A13B00BE76B8 /* ExtString.swift in Sources */,
				53BC50CC1F572BF200BE76B8 /* User.swift in Sources */,
				53BC50D81F57A23400BE76B8 /* AppCache.swift in Sources */,
			);
			runOnlyForDeploymentPostprocessing = 0;
		};
/* End PBXSourcesBuildPhase section */

/* Begin PBXVariantGroup section */
		5310EEA41F4DCD0A00486589 /* Main.storyboard */ = {
			isa = PBXVariantGroup;
			children = (
				5310EEA51F4DCD0A00486589 /* Base */,
			);
			name = Main.storyboard;
			sourceTree = "<group>";
		};
		5310EEA91F4DCD0A00486589 /* LaunchScreen.storyboard */ = {
			isa = PBXVariantGroup;
			children = (
				5310EEAA1F4DCD0A00486589 /* Base */,
			);
			name = LaunchScreen.storyboard;
			sourceTree = "<group>";
		};
/* End PBXVariantGroup section */

/* Begin XCBuildConfiguration section */
		5310EEAD1F4DCD0A00486589 /* Debug */ = {
			isa = XCBuildConfiguration;
			buildSettings = {
				ALWAYS_SEARCH_USER_PATHS = NO;
				CLANG_ANALYZER_NONNULL = YES;
				CLANG_ANALYZER_NUMBER_OBJECT_CONVERSION = YES_AGGRESSIVE;
				CLANG_CXX_LANGUAGE_STANDARD = "gnu++0x";
				CLANG_CXX_LIBRARY = "libc++";
				CLANG_ENABLE_MODULES = YES;
				CLANG_ENABLE_OBJC_ARC = YES;
				CLANG_WARN_BOOL_CONVERSION = YES;
				CLANG_WARN_CONSTANT_CONVERSION = YES;
				CLANG_WARN_DIRECT_OBJC_ISA_USAGE = YES_ERROR;
				CLANG_WARN_DOCUMENTATION_COMMENTS = YES;
				CLANG_WARN_EMPTY_BODY = YES;
				CLANG_WARN_ENUM_CONVERSION = YES;
				CLANG_WARN_INFINITE_RECURSION = YES;
				CLANG_WARN_INT_CONVERSION = YES;
				CLANG_WARN_OBJC_ROOT_CLASS = YES_ERROR;
				CLANG_WARN_SUSPICIOUS_MOVE = YES;
				CLANG_WARN_UNREACHABLE_CODE = YES;
				CLANG_WARN__DUPLICATE_METHOD_MATCH = YES;
				"CODE_SIGN_IDENTITY[sdk=iphoneos*]" = "iPhone Developer";
				COPY_PHASE_STRIP = NO;
				DEBUG_INFORMATION_FORMAT = dwarf;
				ENABLE_STRICT_OBJC_MSGSEND = YES;
				ENABLE_TESTABILITY = YES;
				GCC_C_LANGUAGE_STANDARD = gnu99;
				GCC_DYNAMIC_NO_PIC = NO;
				GCC_NO_COMMON_BLOCKS = YES;
				GCC_OPTIMIZATION_LEVEL = 0;
				GCC_PREPROCESSOR_DEFINITIONS = (
					"DEBUG=1",
					"$(inherited)",
				);
				GCC_WARN_64_TO_32_BIT_CONVERSION = YES;
				GCC_WARN_ABOUT_RETURN_TYPE = YES_ERROR;
				GCC_WARN_UNDECLARED_SELECTOR = YES;
				GCC_WARN_UNINITIALIZED_AUTOS = YES_AGGRESSIVE;
				GCC_WARN_UNUSED_FUNCTION = YES;
				GCC_WARN_UNUSED_VARIABLE = YES;
				IPHONEOS_DEPLOYMENT_TARGET = 10.3;
				MTL_ENABLE_DEBUG_INFO = YES;
				ONLY_ACTIVE_ARCH = YES;
				SDKROOT = iphoneos;
				SWIFT_ACTIVE_COMPILATION_CONDITIONS = DEBUG;
				SWIFT_OPTIMIZATION_LEVEL = "-Onone";
			};
			name = Debug;
		};
		5310EEAE1F4DCD0A00486589 /* Release */ = {
			isa = XCBuildConfiguration;
			buildSettings = {
				ALWAYS_SEARCH_USER_PATHS = NO;
				CLANG_ANALYZER_NONNULL = YES;
				CLANG_ANALYZER_NUMBER_OBJECT_CONVERSION = YES_AGGRESSIVE;
				CLANG_CXX_LANGUAGE_STANDARD = "gnu++0x";
				CLANG_CXX_LIBRARY = "libc++";
				CLANG_ENABLE_MODULES = YES;
				CLANG_ENABLE_OBJC_ARC = YES;
				CLANG_WARN_BOOL_CONVERSION = YES;
				CLANG_WARN_CONSTANT_CONVERSION = YES;
				CLANG_WARN_DIRECT_OBJC_ISA_USAGE = YES_ERROR;
				CLANG_WARN_DOCUMENTATION_COMMENTS = YES;
				CLANG_WARN_EMPTY_BODY = YES;
				CLANG_WARN_ENUM_CONVERSION = YES;
				CLANG_WARN_INFINITE_RECURSION = YES;
				CLANG_WARN_INT_CONVERSION = YES;
				CLANG_WARN_OBJC_ROOT_CLASS = YES_ERROR;
				CLANG_WARN_SUSPICIOUS_MOVE = YES;
				CLANG_WARN_UNREACHABLE_CODE = YES;
				CLANG_WARN__DUPLICATE_METHOD_MATCH = YES;
				"CODE_SIGN_IDENTITY[sdk=iphoneos*]" = "iPhone Developer";
				COPY_PHASE_STRIP = NO;
				DEBUG_INFORMATION_FORMAT = "dwarf-with-dsym";
				ENABLE_NS_ASSERTIONS = NO;
				ENABLE_STRICT_OBJC_MSGSEND = YES;
				GCC_C_LANGUAGE_STANDARD = gnu99;
				GCC_NO_COMMON_BLOCKS = YES;
				GCC_WARN_64_TO_32_BIT_CONVERSION = YES;
				GCC_WARN_ABOUT_RETURN_TYPE = YES_ERROR;
				GCC_WARN_UNDECLARED_SELECTOR = YES;
				GCC_WARN_UNINITIALIZED_AUTOS = YES_AGGRESSIVE;
				GCC_WARN_UNUSED_FUNCTION = YES;
				GCC_WARN_UNUSED_VARIABLE = YES;
				IPHONEOS_DEPLOYMENT_TARGET = 10.3;
				MTL_ENABLE_DEBUG_INFO = NO;
				SDKROOT = iphoneos;
				SWIFT_OPTIMIZATION_LEVEL = "-Owholemodule";
				VALIDATE_PRODUCT = YES;
			};
			name = Release;
		};
		5310EEB01F4DCD0A00486589 /* Debug */ = {
			isa = XCBuildConfiguration;
			baseConfigurationReference = F4EF3DDFB7567F930C84339F /* Pods-OOG-iOS.debug.xcconfig */;
			buildSettings = {
				ASSETCATALOG_COMPILER_APPICON_NAME = AppIcon;
				INFOPLIST_FILE = "OOG-iOS/Info.plist";
				LD_RUNPATH_SEARCH_PATHS = "$(inherited) @executable_path/Frameworks";
				PRODUCT_BUNDLE_IDENTIFIER = "nathan.OOG-iOS";
				PRODUCT_NAME = "$(TARGET_NAME)";
				SWIFT_VERSION = 3.0;
			};
			name = Debug;
		};
		5310EEB11F4DCD0A00486589 /* Release */ = {
			isa = XCBuildConfiguration;
			baseConfigurationReference = 85BC7E30828E48D9641450F7 /* Pods-OOG-iOS.release.xcconfig */;
			buildSettings = {
				ASSETCATALOG_COMPILER_APPICON_NAME = AppIcon;
				INFOPLIST_FILE = "OOG-iOS/Info.plist";
				LD_RUNPATH_SEARCH_PATHS = "$(inherited) @executable_path/Frameworks";
				PRODUCT_BUNDLE_IDENTIFIER = "nathan.OOG-iOS";
				PRODUCT_NAME = "$(TARGET_NAME)";
				SWIFT_VERSION = 3.0;
			};
			name = Release;
		};
/* End XCBuildConfiguration section */

/* Begin XCConfigurationList section */
		5310EE981F4DCD0A00486589 /* Build configuration list for PBXProject "OOG-iOS" */ = {
			isa = XCConfigurationList;
			buildConfigurations = (
				5310EEAD1F4DCD0A00486589 /* Debug */,
				5310EEAE1F4DCD0A00486589 /* Release */,
			);
			defaultConfigurationIsVisible = 0;
			defaultConfigurationName = Release;
		};
		5310EEAF1F4DCD0A00486589 /* Build configuration list for PBXNativeTarget "OOG-iOS" */ = {
			isa = XCConfigurationList;
			buildConfigurations = (
				5310EEB01F4DCD0A00486589 /* Debug */,
				5310EEB11F4DCD0A00486589 /* Release */,
			);
			defaultConfigurationIsVisible = 0;
			defaultConfigurationName = Release;
		};
/* End XCConfigurationList section */
	};
	rootObject = 5310EE951F4DCD0A00486589 /* Project object */;
}
