// !$*UTF8*$!
{
	archiveVersion = 1;
	classes = {
	};
	objectVersion = 46;
	objects = {

/* Begin PBXBuildFile section */
		5310EEA11F4DCD0A00486589 /* AppDelegate.swift in Sources */ = {isa = PBXBuildFile; fileRef = 5310EEA01F4DCD0A00486589 /* AppDelegate.swift */; };
		5310EEA61F4DCD0A00486589 /* Main.storyboard in Resources */ = {isa = PBXBuildFile; fileRef = 5310EEA41F4DCD0A00486589 /* Main.storyboard */; };
		5310EEA81F4DCD0A00486589 /* Assets.xcassets in Resources */ = {isa = PBXBuildFile; fileRef = 5310EEA71F4DCD0A00486589 /* Assets.xcassets */; };
		5310EEAB1F4DCD0A00486589 /* LaunchScreen.storyboard in Resources */ = {isa = PBXBuildFile; fileRef = 5310EEA91F4DCD0A00486589 /* LaunchScreen.storyboard */; };
		53237F571F5A7F8B00B33AAA /* TitleTableViewCell.swift in Sources */ = {isa = PBXBuildFile; fileRef = 53237F561F5A7F8B00B33AAA /* TitleTableViewCell.swift */; };
		53237F591F5A7FE100B33AAA /* TitleModel.swift in Sources */ = {isa = PBXBuildFile; fileRef = 53237F581F5A7FE100B33AAA /* TitleModel.swift */; };
		533758BA1F5C2D9C00DCA48A /* MovementTableViewCell.swift in Sources */ = {isa = PBXBuildFile; fileRef = 533758B91F5C2D9C00DCA48A /* MovementTableViewCell.swift */; };
		533758BE1F5C3F8400DCA48A /* ProfileViewController.swift in Sources */ = {isa = PBXBuildFile; fileRef = 533758BD1F5C3F8400DCA48A /* ProfileViewController.swift */; };
		533758C71F5CF90700DCA48A /* MovementListTableViewController.swift in Sources */ = {isa = PBXBuildFile; fileRef = 533758C61F5CF90700DCA48A /* MovementListTableViewController.swift */; };
		533758CA1F5D2CC900DCA48A /* MovementCollectionViewCell.swift in Sources */ = {isa = PBXBuildFile; fileRef = 533758C91F5D2CC900DCA48A /* MovementCollectionViewCell.swift */; };
		533758CC1F5D2CE500DCA48A /* MovmentDisplayCollectionViewController.swift in Sources */ = {isa = PBXBuildFile; fileRef = 533758CB1F5D2CE500DCA48A /* MovmentDisplayCollectionViewController.swift */; };
		533758CE1F5D457000DCA48A /* display.png in Resources */ = {isa = PBXBuildFile; fileRef = 533758CD1F5D457000DCA48A /* display.png */; };
		533758D01F5D457300DCA48A /* detail.png in Resources */ = {isa = PBXBuildFile; fileRef = 533758CF1F5D457300DCA48A /* detail.png */; };
		53608D111F5BB37500B3442E /* ChatListTableViewController.swift in Sources */ = {isa = PBXBuildFile; fileRef = 53608D101F5BB37500B3442E /* ChatListTableViewController.swift */; };
		53608D151F5BB58E00B3442E /* settings.png in Resources */ = {isa = PBXBuildFile; fileRef = 53608D141F5BB58E00B3442E /* settings.png */; };
		53608D211F5BB80D00B3442E /* home.png in Resources */ = {isa = PBXBuildFile; fileRef = 53608D201F5BB80D00B3442E /* home.png */; };
		53608D231F5BB81000B3442E /* message.png in Resources */ = {isa = PBXBuildFile; fileRef = 53608D221F5BB81000B3442E /* message.png */; };
		53608D251F5BB81400B3442E /* me.png in Resources */ = {isa = PBXBuildFile; fileRef = 53608D241F5BB81300B3442E /* me.png */; };
		53608D271F5BB81600B3442E /* discovery.png in Resources */ = {isa = PBXBuildFile; fileRef = 53608D261F5BB81600B3442E /* discovery.png */; };
		53608D2B1F5BD95B00B3442E /* Movement.swift in Sources */ = {isa = PBXBuildFile; fileRef = 53608D2A1F5BD95B00B3442E /* Movement.swift */; };
		539BE58B1F5F8BAB00CB6E95 /* MovementDetailViewController.swift in Sources */ = {isa = PBXBuildFile; fileRef = 539BE58A1F5F8BAB00CB6E95 /* MovementDetailViewController.swift */; };
		539BE58F1F60067000CB6E95 /* Synchronized.swift in Sources */ = {isa = PBXBuildFile; fileRef = 539BE58E1F60067000CB6E95 /* Synchronized.swift */; };
		539BE5931F60D23A00CB6E95 /* InfoTableViewCell.swift in Sources */ = {isa = PBXBuildFile; fileRef = 539BE5921F60D23A00CB6E95 /* InfoTableViewCell.swift */; };
		539BE5971F60E27500CB6E95 /* MovementDisplayTableViewCell.swift in Sources */ = {isa = PBXBuildFile; fileRef = 539BE5961F60E27500CB6E95 /* MovementDisplayTableViewCell.swift */; };
		539BE59C1F61265200CB6E95 /* ButtonCollectionViewCell.swift in Sources */ = {isa = PBXBuildFile; fileRef = 539BE59B1F61265200CB6E95 /* ButtonCollectionViewCell.swift */; };
		53B2D0BA1F5D890B00DDB826 /* HomeViewController.swift in Sources */ = {isa = PBXBuildFile; fileRef = 53B2D0B91F5D890B00DDB826 /* HomeViewController.swift */; };
		53B2D0BC1F5E4AED00DDB826 /* like.png in Resources */ = {isa = PBXBuildFile; fileRef = 53B2D0BB1F5E4AED00DDB826 /* like.png */; };
		53B2D0BE1F5E4AF000DDB826 /* site.png in Resources */ = {isa = PBXBuildFile; fileRef = 53B2D0BD1F5E4AF000DDB826 /* site.png */; };
		53B2D0C01F5E4AF300DDB826 /* repost.png in Resources */ = {isa = PBXBuildFile; fileRef = 53B2D0BF1F5E4AF300DDB826 /* repost.png */; };
		53B2D0C21F5E4C2400DDB826 /* HomeMovementTableViewCell.swift in Sources */ = {isa = PBXBuildFile; fileRef = 53B2D0C11F5E4C2400DDB826 /* HomeMovementTableViewCell.swift */; };
		53BC50C81F572BAC00BE76B8 /* LoginViewController.swift in Sources */ = {isa = PBXBuildFile; fileRef = 53BC50C71F572BAC00BE76B8 /* LoginViewController.swift */; };
		53BC50CC1F572BF200BE76B8 /* User.swift in Sources */ = {isa = PBXBuildFile; fileRef = 53BC50CB1F572BF200BE76B8 /* User.swift */; };
		53BC50D11F57901900BE76B8 /* Cache.swift in Sources */ = {isa = PBXBuildFile; fileRef = 53BC50D01F57901900BE76B8 /* Cache.swift */; };
		53BC50D41F57904B00BE76B8 /* ApiConfig.swift in Sources */ = {isa = PBXBuildFile; fileRef = 53BC50D31F57904B00BE76B8 /* ApiConfig.swift */; };
		53BC50D61F57A13B00BE76B8 /* ExtString.swift in Sources */ = {isa = PBXBuildFile; fileRef = 53BC50D51F57A13B00BE76B8 /* ExtString.swift */; };
		53BC50D81F57A23400BE76B8 /* AppCache.swift in Sources */ = {isa = PBXBuildFile; fileRef = 53BC50D71F57A23400BE76B8 /* AppCache.swift */; };
		53BC50DA1F57A84200BE76B8 /* TelLoginViewController.swift in Sources */ = {isa = PBXBuildFile; fileRef = 53BC50D91F57A84200BE76B8 /* TelLoginViewController.swift */; };
		53BC50DE1F57F61A00BE76B8 /* ApiHelper.swift in Sources */ = {isa = PBXBuildFile; fileRef = 53BC50DD1F57F61A00BE76B8 /* ApiHelper.swift */; };
		53BC50E31F5821F200BE76B8 /* RegisterViewController.swift in Sources */ = {isa = PBXBuildFile; fileRef = 53BC50E21F5821F200BE76B8 /* RegisterViewController.swift */; };
		53BC50E51F58429900BE76B8 /* CompleteInfoViewController.swift in Sources */ = {isa = PBXBuildFile; fileRef = 53BC50E41F58429900BE76B8 /* CompleteInfoViewController.swift */; };
		53BC50E71F5843A900BE76B8 /* ExtViewController.swift in Sources */ = {isa = PBXBuildFile; fileRef = 53BC50E61F5843A900BE76B8 /* ExtViewController.swift */; };
		53C94D201F6163EA007FD2B9 /* PublishMovementViewController.swift in Sources */ = {isa = PBXBuildFile; fileRef = 53C94D1F1F6163EA007FD2B9 /* PublishMovementViewController.swift */; };
		53C94D221F617024007FD2B9 /* PublishMovementContent.swift in Sources */ = {isa = PBXBuildFile; fileRef = 53C94D211F617024007FD2B9 /* PublishMovementContent.swift */; };
		53C94D241F622995007FD2B9 /* ConvertISOToDisplay.swift in Sources */ = {isa = PBXBuildFile; fileRef = 53C94D231F622995007FD2B9 /* ConvertISOToDisplay.swift */; };
		53C94D261F6237B0007FD2B9 /* Comment.swift in Sources */ = {isa = PBXBuildFile; fileRef = 53C94D251F6237B0007FD2B9 /* Comment.swift */; };
		53C94D281F623D4F007FD2B9 /* UsersTableViewController.swift in Sources */ = {isa = PBXBuildFile; fileRef = 53C94D271F623D4F007FD2B9 /* UsersTableViewController.swift */; };
		53C94D2B1F62578E007FD2B9 /* UserListTableViewCell.swift in Sources */ = {isa = PBXBuildFile; fileRef = 53C94D2A1F62578E007FD2B9 /* UserListTableViewCell.swift */; };
		53C94D2E1F62B310007FD2B9 /* more-png.png in Resources */ = {isa = PBXBuildFile; fileRef = 53C94D2C1F62B310007FD2B9 /* more-png.png */; };
		53C94D2F1F62B310007FD2B9 /* window.png in Resources */ = {isa = PBXBuildFile; fileRef = 53C94D2D1F62B310007FD2B9 /* window.png */; };
		53C94D321F63D547007FD2B9 /* FindGameViewController.swift in Sources */ = {isa = PBXBuildFile; fileRef = 53C94D311F63D547007FD2B9 /* FindGameViewController.swift */; };
		53C94D341F641636007FD2B9 /* HomePopViewController.swift in Sources */ = {isa = PBXBuildFile; fileRef = 53C94D331F641636007FD2B9 /* HomePopViewController.swift */; };
		53C94D361F654657007FD2B9 /* PopTeamInfoViewController.swift in Sources */ = {isa = PBXBuildFile; fileRef = 53C94D351F654657007FD2B9 /* PopTeamInfoViewController.swift */; };
		53C94D3A1F65501D007FD2B9 /* ModalStieInfoViewController.swift in Sources */ = {isa = PBXBuildFile; fileRef = 53C94D391F65501D007FD2B9 /* ModalStieInfoViewController.swift */; };
		53D2C8301F592F8100CD2CB1 /* MainTarBarViewController.swift in Sources */ = {isa = PBXBuildFile; fileRef = 53D2C82F1F592F8100CD2CB1 /* MainTarBarViewController.swift */; };
		53D2C8391F593A2200CD2CB1 /* ProfileTableViewController.swift in Sources */ = {isa = PBXBuildFile; fileRef = 53D2C8381F593A2200CD2CB1 /* ProfileTableViewController.swift */; };
		53FCA7421F5AE3F9008B34BB /* GameTabViewController.swift in Sources */ = {isa = PBXBuildFile; fileRef = 53FCA7411F5AE3F9008B34BB /* GameTabViewController.swift */; };
		53FCA7441F5AE446008B34BB /* game.png in Resources */ = {isa = PBXBuildFile; fileRef = 53FCA7431F5AE446008B34BB /* game.png */; };
		53FCA7491F5AE7CE008B34BB /* DiscoveryViewController.swift in Sources */ = {isa = PBXBuildFile; fileRef = 53FCA7481F5AE7CE008B34BB /* DiscoveryViewController.swift */; };
		BA8945D2181CB8116D43A4BE /* Pods_OOG_iOS.framework in Frameworks */ = {isa = PBXBuildFile; fileRef = 7846A2D5413E6A4C85493785 /* Pods_OOG_iOS.framework */; };
/* End PBXBuildFile section */

/* Begin PBXFileReference section */
		5310EE9D1F4DCD0A00486589 /* OOG-iOS.app */ = {isa = PBXFileReference; explicitFileType = wrapper.application; includeInIndex = 0; path = "OOG-iOS.app"; sourceTree = BUILT_PRODUCTS_DIR; };
		5310EEA01F4DCD0A00486589 /* AppDelegate.swift */ = {isa = PBXFileReference; lastKnownFileType = sourcecode.swift; path = AppDelegate.swift; sourceTree = "<group>"; };
		5310EEA51F4DCD0A00486589 /* Base */ = {isa = PBXFileReference; lastKnownFileType = file.storyboard; name = Base; path = Base.lproj/Main.storyboard; sourceTree = "<group>"; };
		5310EEA71F4DCD0A00486589 /* Assets.xcassets */ = {isa = PBXFileReference; lastKnownFileType = folder.assetcatalog; path = Assets.xcassets; sourceTree = "<group>"; };
		5310EEAA1F4DCD0A00486589 /* Base */ = {isa = PBXFileReference; lastKnownFileType = file.storyboard; name = Base; path = Base.lproj/LaunchScreen.storyboard; sourceTree = "<group>"; };
		5310EEAC1F4DCD0A00486589 /* Info.plist */ = {isa = PBXFileReference; lastKnownFileType = text.plist.xml; path = Info.plist; sourceTree = "<group>"; };
		53237F561F5A7F8B00B33AAA /* TitleTableViewCell.swift */ = {isa = PBXFileReference; fileEncoding = 4; lastKnownFileType = sourcecode.swift; path = TitleTableViewCell.swift; sourceTree = "<group>"; };
		53237F581F5A7FE100B33AAA /* TitleModel.swift */ = {isa = PBXFileReference; fileEncoding = 4; lastKnownFileType = sourcecode.swift; path = TitleModel.swift; sourceTree = "<group>"; };
		533758B91F5C2D9C00DCA48A /* MovementTableViewCell.swift */ = {isa = PBXFileReference; fileEncoding = 4; lastKnownFileType = sourcecode.swift; path = MovementTableViewCell.swift; sourceTree = "<group>"; };
		533758BD1F5C3F8400DCA48A /* ProfileViewController.swift */ = {isa = PBXFileReference; fileEncoding = 4; lastKnownFileType = sourcecode.swift; path = ProfileViewController.swift; sourceTree = "<group>"; };
		533758C61F5CF90700DCA48A /* MovementListTableViewController.swift */ = {isa = PBXFileReference; fileEncoding = 4; lastKnownFileType = sourcecode.swift; path = MovementListTableViewController.swift; sourceTree = "<group>"; };
		533758C91F5D2CC900DCA48A /* MovementCollectionViewCell.swift */ = {isa = PBXFileReference; fileEncoding = 4; lastKnownFileType = sourcecode.swift; path = MovementCollectionViewCell.swift; sourceTree = "<group>"; };
		533758CB1F5D2CE500DCA48A /* MovmentDisplayCollectionViewController.swift */ = {isa = PBXFileReference; fileEncoding = 4; lastKnownFileType = sourcecode.swift; path = MovmentDisplayCollectionViewController.swift; sourceTree = "<group>"; };
		533758CD1F5D457000DCA48A /* display.png */ = {isa = PBXFileReference; lastKnownFileType = image.png; path = display.png; sourceTree = "<group>"; };
		533758CF1F5D457300DCA48A /* detail.png */ = {isa = PBXFileReference; lastKnownFileType = image.png; path = detail.png; sourceTree = "<group>"; };
		53608D101F5BB37500B3442E /* ChatListTableViewController.swift */ = {isa = PBXFileReference; fileEncoding = 4; lastKnownFileType = sourcecode.swift; path = ChatListTableViewController.swift; sourceTree = "<group>"; };
		53608D141F5BB58E00B3442E /* settings.png */ = {isa = PBXFileReference; lastKnownFileType = image.png; path = settings.png; sourceTree = "<group>"; };
		53608D201F5BB80D00B3442E /* home.png */ = {isa = PBXFileReference; lastKnownFileType = image.png; path = home.png; sourceTree = "<group>"; };
		53608D221F5BB81000B3442E /* message.png */ = {isa = PBXFileReference; lastKnownFileType = image.png; path = message.png; sourceTree = "<group>"; };
		53608D241F5BB81300B3442E /* me.png */ = {isa = PBXFileReference; lastKnownFileType = image.png; path = me.png; sourceTree = "<group>"; };
		53608D261F5BB81600B3442E /* discovery.png */ = {isa = PBXFileReference; lastKnownFileType = image.png; path = discovery.png; sourceTree = "<group>"; };
		53608D2A1F5BD95B00B3442E /* Movement.swift */ = {isa = PBXFileReference; fileEncoding = 4; lastKnownFileType = sourcecode.swift; path = Movement.swift; sourceTree = "<group>"; };
		539BE58A1F5F8BAB00CB6E95 /* MovementDetailViewController.swift */ = {isa = PBXFileReference; fileEncoding = 4; lastKnownFileType = sourcecode.swift; path = MovementDetailViewController.swift; sourceTree = "<group>"; };
		539BE58E1F60067000CB6E95 /* Synchronized.swift */ = {isa = PBXFileReference; fileEncoding = 4; lastKnownFileType = sourcecode.swift; path = Synchronized.swift; sourceTree = "<group>"; };
		539BE5921F60D23A00CB6E95 /* InfoTableViewCell.swift */ = {isa = PBXFileReference; fileEncoding = 4; lastKnownFileType = sourcecode.swift; path = InfoTableViewCell.swift; sourceTree = "<group>"; };
		539BE5961F60E27500CB6E95 /* MovementDisplayTableViewCell.swift */ = {isa = PBXFileReference; fileEncoding = 4; lastKnownFileType = sourcecode.swift; path = MovementDisplayTableViewCell.swift; sourceTree = "<group>"; };
		539BE59B1F61265200CB6E95 /* ButtonCollectionViewCell.swift */ = {isa = PBXFileReference; fileEncoding = 4; lastKnownFileType = sourcecode.swift; path = ButtonCollectionViewCell.swift; sourceTree = "<group>"; };
		53B2D0B91F5D890B00DDB826 /* HomeViewController.swift */ = {isa = PBXFileReference; fileEncoding = 4; lastKnownFileType = sourcecode.swift; path = HomeViewController.swift; sourceTree = "<group>"; };
		53B2D0BB1F5E4AED00DDB826 /* like.png */ = {isa = PBXFileReference; lastKnownFileType = image.png; path = like.png; sourceTree = "<group>"; };
		53B2D0BD1F5E4AF000DDB826 /* site.png */ = {isa = PBXFileReference; lastKnownFileType = image.png; path = site.png; sourceTree = "<group>"; };
		53B2D0BF1F5E4AF300DDB826 /* repost.png */ = {isa = PBXFileReference; lastKnownFileType = image.png; path = repost.png; sourceTree = "<group>"; };
		53B2D0C11F5E4C2400DDB826 /* HomeMovementTableViewCell.swift */ = {isa = PBXFileReference; fileEncoding = 4; lastKnownFileType = sourcecode.swift; path = HomeMovementTableViewCell.swift; sourceTree = "<group>"; };
		53B2D0C31F5ECBBF00DDB826 /* Map-Bridging.h */ = {isa = PBXFileReference; lastKnownFileType = sourcecode.c.h; path = "Map-Bridging.h"; sourceTree = "<group>"; };
		53BC50C71F572BAC00BE76B8 /* LoginViewController.swift */ = {isa = PBXFileReference; fileEncoding = 4; lastKnownFileType = sourcecode.swift; path = LoginViewController.swift; sourceTree = "<group>"; };
		53BC50CB1F572BF200BE76B8 /* User.swift */ = {isa = PBXFileReference; fileEncoding = 4; lastKnownFileType = sourcecode.swift; path = User.swift; sourceTree = "<group>"; };
		53BC50D01F57901900BE76B8 /* Cache.swift */ = {isa = PBXFileReference; fileEncoding = 4; lastKnownFileType = sourcecode.swift; path = Cache.swift; sourceTree = "<group>"; };
		53BC50D31F57904B00BE76B8 /* ApiConfig.swift */ = {isa = PBXFileReference; fileEncoding = 4; lastKnownFileType = sourcecode.swift; path = ApiConfig.swift; sourceTree = "<group>"; };
		53BC50D51F57A13B00BE76B8 /* ExtString.swift */ = {isa = PBXFileReference; fileEncoding = 4; lastKnownFileType = sourcecode.swift; path = ExtString.swift; sourceTree = "<group>"; };
		53BC50D71F57A23400BE76B8 /* AppCache.swift */ = {isa = PBXFileReference; fileEncoding = 4; lastKnownFileType = sourcecode.swift; path = AppCache.swift; sourceTree = "<group>"; };
		53BC50D91F57A84200BE76B8 /* TelLoginViewController.swift */ = {isa = PBXFileReference; fileEncoding = 4; lastKnownFileType = sourcecode.swift; path = TelLoginViewController.swift; sourceTree = "<group>"; };
		53BC50DD1F57F61A00BE76B8 /* ApiHelper.swift */ = {isa = PBXFileReference; fileEncoding = 4; lastKnownFileType = sourcecode.swift; path = ApiHelper.swift; sourceTree = "<group>"; };
		53BC50E21F5821F200BE76B8 /* RegisterViewController.swift */ = {isa = PBXFileReference; fileEncoding = 4; lastKnownFileType = sourcecode.swift; path = RegisterViewController.swift; sourceTree = "<group>"; };
		53BC50E41F58429900BE76B8 /* CompleteInfoViewController.swift */ = {isa = PBXFileReference; fileEncoding = 4; lastKnownFileType = sourcecode.swift; path = CompleteInfoViewController.swift; sourceTree = "<group>"; };
		53BC50E61F5843A900BE76B8 /* ExtViewController.swift */ = {isa = PBXFileReference; fileEncoding = 4; lastKnownFileType = sourcecode.swift; path = ExtViewController.swift; sourceTree = "<group>"; };
		53C94D1F1F6163EA007FD2B9 /* PublishMovementViewController.swift */ = {isa = PBXFileReference; fileEncoding = 4; lastKnownFileType = sourcecode.swift; path = PublishMovementViewController.swift; sourceTree = "<group>"; };
		53C94D211F617024007FD2B9 /* PublishMovementContent.swift */ = {isa = PBXFileReference; fileEncoding = 4; lastKnownFileType = sourcecode.swift; path = PublishMovementContent.swift; sourceTree = "<group>"; };
		53C94D231F622995007FD2B9 /* ConvertISOToDisplay.swift */ = {isa = PBXFileReference; fileEncoding = 4; lastKnownFileType = sourcecode.swift; path = ConvertISOToDisplay.swift; sourceTree = "<group>"; };
		53C94D251F6237B0007FD2B9 /* Comment.swift */ = {isa = PBXFileReference; fileEncoding = 4; lastKnownFileType = sourcecode.swift; path = Comment.swift; sourceTree = "<group>"; };
		53C94D271F623D4F007FD2B9 /* UsersTableViewController.swift */ = {isa = PBXFileReference; fileEncoding = 4; lastKnownFileType = sourcecode.swift; path = UsersTableViewController.swift; sourceTree = "<group>"; };
		53C94D2A1F62578E007FD2B9 /* UserListTableViewCell.swift */ = {isa = PBXFileReference; fileEncoding = 4; lastKnownFileType = sourcecode.swift; path = UserListTableViewCell.swift; sourceTree = "<group>"; };
		53C94D2C1F62B310007FD2B9 /* more-png.png */ = {isa = PBXFileReference; lastKnownFileType = image.png; path = "more-png.png"; sourceTree = "<group>"; };
		53C94D2D1F62B310007FD2B9 /* window.png */ = {isa = PBXFileReference; lastKnownFileType = image.png; path = window.png; sourceTree = "<group>"; };
		53C94D311F63D547007FD2B9 /* FindGameViewController.swift */ = {isa = PBXFileReference; fileEncoding = 4; lastKnownFileType = sourcecode.swift; path = FindGameViewController.swift; sourceTree = "<group>"; };
		53C94D331F641636007FD2B9 /* HomePopViewController.swift */ = {isa = PBXFileReference; fileEncoding = 4; lastKnownFileType = sourcecode.swift; path = HomePopViewController.swift; sourceTree = "<group>"; };
		53C94D351F654657007FD2B9 /* PopTeamInfoViewController.swift */ = {isa = PBXFileReference; fileEncoding = 4; lastKnownFileType = sourcecode.swift; path = PopTeamInfoViewController.swift; sourceTree = "<group>"; };
		53C94D391F65501D007FD2B9 /* ModalStieInfoViewController.swift */ = {isa = PBXFileReference; fileEncoding = 4; lastKnownFileType = sourcecode.swift; path = ModalStieInfoViewController.swift; sourceTree = "<group>"; };
		53D2C82F1F592F8100CD2CB1 /* MainTarBarViewController.swift */ = {isa = PBXFileReference; fileEncoding = 4; lastKnownFileType = sourcecode.swift; path = MainTarBarViewController.swift; sourceTree = "<group>"; };
		53D2C8381F593A2200CD2CB1 /* ProfileTableViewController.swift */ = {isa = PBXFileReference; fileEncoding = 4; lastKnownFileType = sourcecode.swift; path = ProfileTableViewController.swift; sourceTree = "<group>"; };
		53FCA7411F5AE3F9008B34BB /* GameTabViewController.swift */ = {isa = PBXFileReference; fileEncoding = 4; lastKnownFileType = sourcecode.swift; path = GameTabViewController.swift; sourceTree = "<group>"; };
		53FCA7431F5AE446008B34BB /* game.png */ = {isa = PBXFileReference; lastKnownFileType = image.png; path = game.png; sourceTree = "<group>"; };
		53FCA7481F5AE7CE008B34BB /* DiscoveryViewController.swift */ = {isa = PBXFileReference; fileEncoding = 4; lastKnownFileType = sourcecode.swift; path = DiscoveryViewController.swift; sourceTree = "<group>"; };
		7846A2D5413E6A4C85493785 /* Pods_OOG_iOS.framework */ = {isa = PBXFileReference; explicitFileType = wrapper.framework; includeInIndex = 0; path = Pods_OOG_iOS.framework; sourceTree = BUILT_PRODUCTS_DIR; };
		85BC7E30828E48D9641450F7 /* Pods-OOG-iOS.release.xcconfig */ = {isa = PBXFileReference; includeInIndex = 1; lastKnownFileType = text.xcconfig; name = "Pods-OOG-iOS.release.xcconfig"; path = "Pods/Target Support Files/Pods-OOG-iOS/Pods-OOG-iOS.release.xcconfig"; sourceTree = "<group>"; };
		F4EF3DDFB7567F930C84339F /* Pods-OOG-iOS.debug.xcconfig */ = {isa = PBXFileReference; includeInIndex = 1; lastKnownFileType = text.xcconfig; name = "Pods-OOG-iOS.debug.xcconfig"; path = "Pods/Target Support Files/Pods-OOG-iOS/Pods-OOG-iOS.debug.xcconfig"; sourceTree = "<group>"; };
/* End PBXFileReference section */

/* Begin PBXFrameworksBuildPhase section */
		5310EE9A1F4DCD0A00486589 /* Frameworks */ = {
			isa = PBXFrameworksBuildPhase;
			buildActionMask = 2147483647;
			files = (
				BA8945D2181CB8116D43A4BE /* Pods_OOG_iOS.framework in Frameworks */,
			);
			runOnlyForDeploymentPostprocessing = 0;
		};
/* End PBXFrameworksBuildPhase section */

/* Begin PBXGroup section */
		5310EE941F4DCD0A00486589 = {
			isa = PBXGroup;
			children = (
				5310EE9F1F4DCD0A00486589 /* OOG-iOS */,
				5310EE9E1F4DCD0A00486589 /* Products */,
				BEDD2AC9AEFCFDC44657D891 /* Pods */,
				BC0911667DD6A721066B681E /* Frameworks */,
			);
			sourceTree = "<group>";
		};
		5310EE9E1F4DCD0A00486589 /* Products */ = {
			isa = PBXGroup;
			children = (
				5310EE9D1F4DCD0A00486589 /* OOG-iOS.app */,
			);
			name = Products;
			sourceTree = "<group>";
		};
		5310EE9F1F4DCD0A00486589 /* OOG-iOS */ = {
			isa = PBXGroup;
			children = (
				53BC50BF1F572AAE00BE76B8 /* Storyboards */,
				53BC50C01F572AC800BE76B8 /* Classes */,
				53BC50C11F572ACF00BE76B8 /* Kit */,
				53BC50C31F572AE500BE76B8 /* Resourses */,
				53BC50BE1F572A7B00BE76B8 /* Supporting Files */,
			);
			path = "OOG-iOS";
			sourceTree = "<group>";
		};
		533758BB1F5C3ACA00DCA48A /* MovementListModule */ = {
			isa = PBXGroup;
			children = (
				533758C61F5CF90700DCA48A /* MovementListTableViewController.swift */,
			);
			name = MovementListModule;
			sourceTree = "<group>";
		};
		533758BC1F5C3AE400DCA48A /* MovementDisplayModule */ = {
			isa = PBXGroup;
			children = (
				533758CB1F5D2CE500DCA48A /* MovmentDisplayCollectionViewController.swift */,
			);
			name = MovementDisplayModule;
			sourceTree = "<group>";
		};
		533758BF1F5C3FC500DCA48A /* Previous */ = {
			isa = PBXGroup;
			children = (
				533758BC1F5C3AE400DCA48A /* MovementDisplayModule */,
				533758BB1F5C3ACA00DCA48A /* MovementListModule */,
				533758BD1F5C3F8400DCA48A /* ProfileViewController.swift */,
			);
			name = Previous;
			sourceTree = "<group>";
		};
		533758C81F5CF99700DCA48A /* Views */ = {
			isa = PBXGroup;
			children = (
				533758B91F5C2D9C00DCA48A /* MovementTableViewCell.swift */,
			);
			name = Views;
			sourceTree = "<group>";
		};
		53608D0F1F5BB34C00B3442E /* ChatModule */ = {
			isa = PBXGroup;
			children = (
				53608D101F5BB37500B3442E /* ChatListTableViewController.swift */,
			);
			name = ChatModule;
			sourceTree = "<group>";
		};
		539BE59A1F61260000CB6E95 /* MovementDisplayCell */ = {
			isa = PBXGroup;
			children = (
				533758C91F5D2CC900DCA48A /* MovementCollectionViewCell.swift */,
				539BE59B1F61265200CB6E95 /* ButtonCollectionViewCell.swift */,
			);
			name = MovementDisplayCell;
			sourceTree = "<group>";
		};
		539BE59D1F61270D00CB6E95 /* Models */ = {
			isa = PBXGroup;
			children = (
				53237F581F5A7FE100B33AAA /* TitleModel.swift */,
			);
			name = Models;
			sourceTree = "<group>";
		};
		53BC50BE1F572A7B00BE76B8 /* Supporting Files */ = {
			isa = PBXGroup;
			children = (
				53B2D0C31F5ECBBF00DDB826 /* Map-Bridging.h */,
				5310EEA01F4DCD0A00486589 /* AppDelegate.swift */,
				5310EEAC1F4DCD0A00486589 /* Info.plist */,
				5310EEA71F4DCD0A00486589 /* Assets.xcassets */,
			);
			name = "Supporting Files";
			sourceTree = "<group>";
		};
		53BC50BF1F572AAE00BE76B8 /* Storyboards */ = {
			isa = PBXGroup;
			children = (
				5310EEA91F4DCD0A00486589 /* LaunchScreen.storyboard */,
				5310EEA41F4DCD0A00486589 /* Main.storyboard */,
			);
			name = Storyboards;
			sourceTree = "<group>";
		};
		53BC50C01F572AC800BE76B8 /* Classes */ = {
			isa = PBXGroup;
			children = (
				53BC50C61F572B8900BE76B8 /* Module */,
				53BC50C91F572BCA00BE76B8 /* Common */,
			);
			name = Classes;
			sourceTree = "<group>";
		};
		53BC50C11F572ACF00BE76B8 /* Kit */ = {
			isa = PBXGroup;
			children = (
				53BC50D21F57902D00BE76B8 /* Utils */,
			);
			name = Kit;
			sourceTree = "<group>";
		};
		53BC50C31F572AE500BE76B8 /* Resourses */ = {
			isa = PBXGroup;
			children = (
				533758CF1F5D457300DCA48A /* detail.png */,
				533758CD1F5D457000DCA48A /* display.png */,
				53B2D0BF1F5E4AF300DDB826 /* repost.png */,
				53608D201F5BB80D00B3442E /* home.png */,
				53C94D2C1F62B310007FD2B9 /* more-png.png */,
				53C94D2D1F62B310007FD2B9 /* window.png */,
				53608D261F5BB81600B3442E /* discovery.png */,
				53608D141F5BB58E00B3442E /* settings.png */,
				53B2D0BB1F5E4AED00DDB826 /* like.png */,
				53B2D0BD1F5E4AF000DDB826 /* site.png */,
				53608D241F5BB81300B3442E /* me.png */,
				53608D221F5BB81000B3442E /* message.png */,
				53FCA7431F5AE446008B34BB /* game.png */,
			);
			name = Resourses;
			sourceTree = "<group>";
		};
		53BC50C41F572B5C00BE76B8 /* ProfileModule */ = {
			isa = PBXGroup;
			children = (
				53D2C8381F593A2200CD2CB1 /* ProfileTableViewController.swift */,
				53237F561F5A7F8B00B33AAA /* TitleTableViewCell.swift */,
				539BE5921F60D23A00CB6E95 /* InfoTableViewCell.swift */,
				539BE5961F60E27500CB6E95 /* MovementDisplayTableViewCell.swift */,
				539BE59A1F61260000CB6E95 /* MovementDisplayCell */,
				539BE59D1F61270D00CB6E95 /* Models */,
				533758BF1F5C3FC500DCA48A /* Previous */,
			);
			name = ProfileModule;
			sourceTree = "<group>";
		};
		53BC50C51F572B7A00BE76B8 /* LoginModule */ = {
			isa = PBXGroup;
			children = (
				53BC50C71F572BAC00BE76B8 /* LoginViewController.swift */,
				53BC50D91F57A84200BE76B8 /* TelLoginViewController.swift */,
				53BC50E21F5821F200BE76B8 /* RegisterViewController.swift */,
				53BC50E41F58429900BE76B8 /* CompleteInfoViewController.swift */,
			);
			name = LoginModule;
			sourceTree = "<group>";
		};
		53BC50C61F572B8900BE76B8 /* Module */ = {
			isa = PBXGroup;
			children = (
				53D2C8351F5939EB00CD2CB1 /* HomeModule */,
				53FCA7401F5AE3AB008B34BB /* GameModule */,
				53FCA7471F5AE73A008B34BB /* DiscoverModule */,
				53608D0F1F5BB34C00B3442E /* ChatModule */,
				53BC50C41F572B5C00BE76B8 /* ProfileModule */,
				53BC50C51F572B7A00BE76B8 /* LoginModule */,
			);
			name = Module;
			sourceTree = "<group>";
		};
		53BC50C91F572BCA00BE76B8 /* Common */ = {
			isa = PBXGroup;
			children = (
				53C94D191F6157A6007FD2B9 /* Modules */,
				533758C81F5CF99700DCA48A /* Views */,
				53D2C82E1F592F1700CD2CB1 /* ViewControllers */,
				53BC50DF1F57F63F00BE76B8 /* Helper */,
				53BC50CF1F57900700BE76B8 /* Consts */,
				53BC50CA1F572BE400BE76B8 /* Models */,
			);
			name = Common;
			sourceTree = "<group>";
		};
		53BC50CA1F572BE400BE76B8 /* Models */ = {
			isa = PBXGroup;
			children = (
				53BC50CB1F572BF200BE76B8 /* User.swift */,
				53608D2A1F5BD95B00B3442E /* Movement.swift */,
				53C94D251F6237B0007FD2B9 /* Comment.swift */,
			);
			name = Models;
			sourceTree = "<group>";
		};
		53BC50CF1F57900700BE76B8 /* Consts */ = {
			isa = PBXGroup;
			children = (
				53BC50D01F57901900BE76B8 /* Cache.swift */,
			);
			name = Consts;
			sourceTree = "<group>";
		};
		53BC50D21F57902D00BE76B8 /* Utils */ = {
			isa = PBXGroup;
			children = (
				53BC50D71F57A23400BE76B8 /* AppCache.swift */,
				53BC50D31F57904B00BE76B8 /* ApiConfig.swift */,
				53BC50D51F57A13B00BE76B8 /* ExtString.swift */,
				53BC50E61F5843A900BE76B8 /* ExtViewController.swift */,
				539BE58E1F60067000CB6E95 /* Synchronized.swift */,
				53C94D231F622995007FD2B9 /* ConvertISOToDisplay.swift */,
			);
			name = Utils;
			sourceTree = "<group>";
		};
		53BC50DF1F57F63F00BE76B8 /* Helper */ = {
			isa = PBXGroup;
			children = (
				53BC50DD1F57F61A00BE76B8 /* ApiHelper.swift */,
			);
			name = Helper;
			sourceTree = "<group>";
		};
		53C94D191F6157A6007FD2B9 /* Modules */ = {
			isa = PBXGroup;
			children = (
				53C94D291F62574F007FD2B9 /* UserListModule */,
				53C94D1C1F6157D1007FD2B9 /* MovementPublishModule */,
			);
			name = Modules;
			sourceTree = "<group>";
		};
		53C94D1C1F6157D1007FD2B9 /* MovementPublishModule */ = {
			isa = PBXGroup;
			children = (
				53C94D1F1F6163EA007FD2B9 /* PublishMovementViewController.swift */,
				53C94D211F617024007FD2B9 /* PublishMovementContent.swift */,
			);
			name = MovementPublishModule;
			sourceTree = "<group>";
		};
		53C94D291F62574F007FD2B9 /* UserListModule */ = {
			isa = PBXGroup;
			children = (
				53C94D271F623D4F007FD2B9 /* UsersTableViewController.swift */,
				53C94D2A1F62578E007FD2B9 /* UserListTableViewCell.swift */,
			);
			name = UserListModule;
			sourceTree = "<group>";
		};
		53C94D301F63D525007FD2B9 /* FindGameModule */ = {
			isa = PBXGroup;
			children = (
				53C94D311F63D547007FD2B9 /* FindGameViewController.swift */,
				53C94D351F654657007FD2B9 /* PopTeamInfoViewController.swift */,
				53C94D391F65501D007FD2B9 /* ModalStieInfoViewController.swift */,
			);
			name = FindGameModule;
			sourceTree = "<group>";
		};
		53D2C82E1F592F1700CD2CB1 /* ViewControllers */ = {
			isa = PBXGroup;
			children = (
				53D2C82F1F592F8100CD2CB1 /* MainTarBarViewController.swift */,
				539BE58A1F5F8BAB00CB6E95 /* MovementDetailViewController.swift */,
			);
			name = ViewControllers;
			sourceTree = "<group>";
		};
		53D2C8351F5939EB00CD2CB1 /* HomeModule */ = {
			isa = PBXGroup;
			children = (
				53B2D0B91F5D890B00DDB826 /* HomeViewController.swift */,
				53B2D0C11F5E4C2400DDB826 /* HomeMovementTableViewCell.swift */,
				53C94D331F641636007FD2B9 /* HomePopViewController.swift */,
			);
			name = HomeModule;
			sourceTree = "<group>";
		};
		53FCA7401F5AE3AB008B34BB /* GameModule */ = {
			isa = PBXGroup;
			children = (
				53C94D301F63D525007FD2B9 /* FindGameModule */,
				53FCA7411F5AE3F9008B34BB /* GameTabViewController.swift */,
			);
			name = GameModule;
			sourceTree = "<group>";
		};
		53FCA7471F5AE73A008B34BB /* DiscoverModule */ = {
			isa = PBXGroup;
			children = (
				53FCA7481F5AE7CE008B34BB /* DiscoveryViewController.swift */,
			);
			name = DiscoverModule;
			sourceTree = "<group>";
		};
		BC0911667DD6A721066B681E /* Frameworks */ = {
			isa = PBXGroup;
			children = (
				7846A2D5413E6A4C85493785 /* Pods_OOG_iOS.framework */,
			);
			name = Frameworks;
			sourceTree = "<group>";
		};
		BEDD2AC9AEFCFDC44657D891 /* Pods */ = {
			isa = PBXGroup;
			children = (
				F4EF3DDFB7567F930C84339F /* Pods-OOG-iOS.debug.xcconfig */,
				85BC7E30828E48D9641450F7 /* Pods-OOG-iOS.release.xcconfig */,
			);
			name = Pods;
			sourceTree = "<group>";
		};
/* End PBXGroup section */

/* Begin PBXNativeTarget section */
		5310EE9C1F4DCD0A00486589 /* OOG-iOS */ = {
			isa = PBXNativeTarget;
			buildConfigurationList = 5310EEAF1F4DCD0A00486589 /* Build configuration list for PBXNativeTarget "OOG-iOS" */;
			buildPhases = (
				63D0E2BB8DAA3EC477BB032D /* [CP] Check Pods Manifest.lock */,
				5310EE991F4DCD0A00486589 /* Sources */,
				5310EE9A1F4DCD0A00486589 /* Frameworks */,
				5310EE9B1F4DCD0A00486589 /* Resources */,
				CEDE57CE8645CD6F7CFDA75B /* [CP] Embed Pods Frameworks */,
				F6EAD31FF77FC9015D34C512 /* [CP] Copy Pods Resources */,
			);
			buildRules = (
			);
			dependencies = (
			);
			name = "OOG-iOS";
			productName = "OOG-iOS";
			productReference = 5310EE9D1F4DCD0A00486589 /* OOG-iOS.app */;
			productType = "com.apple.product-type.application";
		};
/* End PBXNativeTarget section */

/* Begin PBXProject section */
		5310EE951F4DCD0A00486589 /* Project object */ = {
			isa = PBXProject;
			attributes = {
				LastSwiftUpdateCheck = 0830;
				LastUpgradeCheck = 0830;
				ORGANIZATIONNAME = Nathan;
				TargetAttributes = {
					5310EE9C1F4DCD0A00486589 = {
						CreatedOnToolsVersion = 8.3.3;
						ProvisioningStyle = Automatic;
					};
				};
			};
			buildConfigurationList = 5310EE981F4DCD0A00486589 /* Build configuration list for PBXProject "OOG-iOS" */;
			compatibilityVersion = "Xcode 3.2";
			developmentRegion = English;
			hasScannedForEncodings = 0;
			knownRegions = (
				en,
				Base,
			);
			mainGroup = 5310EE941F4DCD0A00486589;
			productRefGroup = 5310EE9E1F4DCD0A00486589 /* Products */;
			projectDirPath = "";
			projectRoot = "";
			targets = (
				5310EE9C1F4DCD0A00486589 /* OOG-iOS */,
			);
		};
/* End PBXProject section */

/* Begin PBXResourcesBuildPhase section */
		5310EE9B1F4DCD0A00486589 /* Resources */ = {
			isa = PBXResourcesBuildPhase;
			buildActionMask = 2147483647;
			files = (
				53608D151F5BB58E00B3442E /* settings.png in Resources */,
				53608D231F5BB81000B3442E /* message.png in Resources */,
				5310EEAB1F4DCD0A00486589 /* LaunchScreen.storyboard in Resources */,
				53608D251F5BB81400B3442E /* me.png in Resources */,
				53C94D2E1F62B310007FD2B9 /* more-png.png in Resources */,
				53C94D2F1F62B310007FD2B9 /* window.png in Resources */,
				533758D01F5D457300DCA48A /* detail.png in Resources */,
				533758CE1F5D457000DCA48A /* display.png in Resources */,
				53608D271F5BB81600B3442E /* discovery.png in Resources */,
				53608D211F5BB80D00B3442E /* home.png in Resources */,
				53B2D0C01F5E4AF300DDB826 /* repost.png in Resources */,
				53B2D0BC1F5E4AED00DDB826 /* like.png in Resources */,
				53B2D0BE1F5E4AF000DDB826 /* site.png in Resources */,
				5310EEA81F4DCD0A00486589 /* Assets.xcassets in Resources */,
				5310EEA61F4DCD0A00486589 /* Main.storyboard in Resources */,
				53FCA7441F5AE446008B34BB /* game.png in Resources */,
			);
			runOnlyForDeploymentPostprocessing = 0;
		};
/* End PBXResourcesBuildPhase section */

/* Begin PBXShellScriptBuildPhase section */
		63D0E2BB8DAA3EC477BB032D /* [CP] Check Pods Manifest.lock */ = {
			isa = PBXShellScriptBuildPhase;
			buildActionMask = 2147483647;
			files = (
			);
			inputPaths = (
			);
			name = "[CP] Check Pods Manifest.lock";
			outputPaths = (
			);
			runOnlyForDeploymentPostprocessing = 0;
			shellPath = /bin/sh;
			shellScript = "diff \"${PODS_PODFILE_DIR_PATH}/Podfile.lock\" \"${PODS_ROOT}/Manifest.lock\" > /dev/null\nif [ $? != 0 ] ; then\n    # print error to STDERR\n    echo \"error: The sandbox is not in sync with the Podfile.lock. Run 'pod install' or update your CocoaPods installation.\" >&2\n    exit 1\nfi\n";
			showEnvVarsInLog = 0;
		};
		CEDE57CE8645CD6F7CFDA75B /* [CP] Embed Pods Frameworks */ = {
			isa = PBXShellScriptBuildPhase;
			buildActionMask = 2147483647;
			files = (
			);
			inputPaths = (
			);
			name = "[CP] Embed Pods Frameworks";
			outputPaths = (
			);
			runOnlyForDeploymentPostprocessing = 0;
			shellPath = /bin/sh;
			shellScript = "\"${SRCROOT}/Pods/Target Support Files/Pods-OOG-iOS/Pods-OOG-iOS-frameworks.sh\"\n";
			showEnvVarsInLog = 0;
		};
		F6EAD31FF77FC9015D34C512 /* [CP] Copy Pods Resources */ = {
			isa = PBXShellScriptBuildPhase;
			buildActionMask = 2147483647;
			files = (
			);
			inputPaths = (
			);
			name = "[CP] Copy Pods Resources";
			outputPaths = (
			);
			runOnlyForDeploymentPostprocessing = 0;
			shellPath = /bin/sh;
			shellScript = "\"${SRCROOT}/Pods/Target Support Files/Pods-OOG-iOS/Pods-OOG-iOS-resources.sh\"\n";
			showEnvVarsInLog = 0;
		};
/* End PBXShellScriptBuildPhase section */

/* Begin PBXSourcesBuildPhase section */
		5310EE991F4DCD0A00486589 /* Sources */ = {
			isa = PBXSourcesBuildPhase;
			buildActionMask = 2147483647;
			files = (
				53C94D281F623D4F007FD2B9 /* UsersTableViewController.swift in Sources */,
				53C94D221F617024007FD2B9 /* PublishMovementContent.swift in Sources */,
				53C94D321F63D547007FD2B9 /* FindGameViewController.swift in Sources */,
				539BE5931F60D23A00CB6E95 /* InfoTableViewCell.swift in Sources */,
				53608D2B1F5BD95B00B3442E /* Movement.swift in Sources */,
				53BC50D41F57904B00BE76B8 /* ApiConfig.swift in Sources */,
				53BC50E31F5821F200BE76B8 /* RegisterViewController.swift in Sources */,
				53FCA7491F5AE7CE008B34BB /* DiscoveryViewController.swift in Sources */,
				53BC50C81F572BAC00BE76B8 /* LoginViewController.swift in Sources */,
				53D2C8301F592F8100CD2CB1 /* MainTarBarViewController.swift in Sources */,
				5310EEA11F4DCD0A00486589 /* AppDelegate.swift in Sources */,
				53BC50D11F57901900BE76B8 /* Cache.swift in Sources */,
				53D2C8391F593A2200CD2CB1 /* ProfileTableViewController.swift in Sources */,
				53C94D341F641636007FD2B9 /* HomePopViewController.swift in Sources */,
				539BE5971F60E27500CB6E95 /* MovementDisplayTableViewCell.swift in Sources */,
				53BC50E51F58429900BE76B8 /* CompleteInfoViewController.swift in Sources */,
				53C94D241F622995007FD2B9 /* ConvertISOToDisplay.swift in Sources */,
				53237F591F5A7FE100B33AAA /* TitleModel.swift in Sources */,
				539BE58F1F60067000CB6E95 /* Synchronized.swift in Sources */,
				539BE59C1F61265200CB6E95 /* ButtonCollectionViewCell.swift in Sources */,
				53B2D0BA1F5D890B00DDB826 /* HomeViewController.swift in Sources */,
				53237F571F5A7F8B00B33AAA /* TitleTableViewCell.swift in Sources */,
				53C94D2B1F62578E007FD2B9 /* UserListTableViewCell.swift in Sources */,
				53C94D361F654657007FD2B9 /* PopTeamInfoViewController.swift in Sources */,
				533758CA1F5D2CC900DCA48A /* MovementCollectionViewCell.swift in Sources */,
				53BC50E71F5843A900BE76B8 /* ExtViewController.swift in Sources */,
				53C94D201F6163EA007FD2B9 /* PublishMovementViewController.swift in Sources */,
				53BC50DE1F57F61A00BE76B8 /* ApiHelper.swift in Sources */,
				533758C71F5CF90700DCA48A /* MovementListTableViewController.swift in Sources */,
				533758CC1F5D2CE500DCA48A /* MovmentDisplayCollectionViewController.swift in Sources */,
				539BE58B1F5F8BAB00CB6E95 /* MovementDetailViewController.swift in Sources */,
				53C94D3A1F65501D007FD2B9 /* ModalStieInfoViewController.swift in Sources */,
				533758BE1F5C3F8400DCA48A /* ProfileViewController.swift in Sources */,
				53BC50DA1F57A84200BE76B8 /* TelLoginViewController.swift in Sources */,
				53BC50D61F57A13B00BE76B8 /* ExtString.swift in Sources */,
				53BC50CC1F572BF200BE76B8 /* User.swift in Sources */,
				53608D111F5BB37500B3442E /* ChatListTableViewController.swift in Sources */,
				53C94D261F6237B0007FD2B9 /* Comment.swift in Sources */,
				53FCA7421F5AE3F9008B34BB /* GameTabViewController.swift in Sources */,
				533758BA1F5C2D9C00DCA48A /* MovementTableViewCell.swift in Sources */,
				53B2D0C21F5E4C2400DDB826 /* HomeMovementTableViewCell.swift in Sources */,
				53BC50D81F57A23400BE76B8 /* AppCache.swift in Sources */,
			);
			runOnlyForDeploymentPostprocessing = 0;
		};
/* End PBXSourcesBuildPhase section */

/* Begin PBXVariantGroup section */
		5310EEA41F4DCD0A00486589 /* Main.storyboard */ = {
			isa = PBXVariantGroup;
			children = (
				5310EEA51F4DCD0A00486589 /* Base */,
			);
			name = Main.storyboard;
			sourceTree = "<group>";
		};
		5310EEA91F4DCD0A00486589 /* LaunchScreen.storyboard */ = {
			isa = PBXVariantGroup;
			children = (
				5310EEAA1F4DCD0A00486589 /* Base */,
			);
			name = LaunchScreen.storyboard;
			sourceTree = "<group>";
		};
/* End PBXVariantGroup section */

/* Begin XCBuildConfiguration section */
		5310EEAD1F4DCD0A00486589 /* Debug */ = {
			isa = XCBuildConfiguration;
			buildSettings = {
				ALWAYS_SEARCH_USER_PATHS = NO;
				CLANG_ANALYZER_NONNULL = YES;
				CLANG_ANALYZER_NUMBER_OBJECT_CONVERSION = YES_AGGRESSIVE;
				CLANG_CXX_LANGUAGE_STANDARD = "gnu++0x";
				CLANG_CXX_LIBRARY = "libc++";
				CLANG_ENABLE_MODULES = YES;
				CLANG_ENABLE_OBJC_ARC = YES;
				CLANG_WARN_BOOL_CONVERSION = YES;
				CLANG_WARN_CONSTANT_CONVERSION = YES;
				CLANG_WARN_DIRECT_OBJC_ISA_USAGE = YES_ERROR;
				CLANG_WARN_DOCUMENTATION_COMMENTS = YES;
				CLANG_WARN_EMPTY_BODY = YES;
				CLANG_WARN_ENUM_CONVERSION = YES;
				CLANG_WARN_INFINITE_RECURSION = YES;
				CLANG_WARN_INT_CONVERSION = YES;
				CLANG_WARN_OBJC_ROOT_CLASS = YES_ERROR;
				CLANG_WARN_SUSPICIOUS_MOVE = YES;
				CLANG_WARN_UNREACHABLE_CODE = YES;
				CLANG_WARN__DUPLICATE_METHOD_MATCH = YES;
				"CODE_SIGN_IDENTITY[sdk=iphoneos*]" = "iPhone Developer";
				COPY_PHASE_STRIP = NO;
				DEBUG_INFORMATION_FORMAT = dwarf;
				ENABLE_STRICT_OBJC_MSGSEND = YES;
				ENABLE_TESTABILITY = YES;
				GCC_C_LANGUAGE_STANDARD = gnu99;
				GCC_DYNAMIC_NO_PIC = NO;
				GCC_NO_COMMON_BLOCKS = YES;
				GCC_OPTIMIZATION_LEVEL = 0;
				GCC_PREPROCESSOR_DEFINITIONS = (
					"DEBUG=1",
					"$(inherited)",
				);
				GCC_WARN_64_TO_32_BIT_CONVERSION = YES;
				GCC_WARN_ABOUT_RETURN_TYPE = YES_ERROR;
				GCC_WARN_UNDECLARED_SELECTOR = YES;
				GCC_WARN_UNINITIALIZED_AUTOS = YES_AGGRESSIVE;
				GCC_WARN_UNUSED_FUNCTION = YES;
				GCC_WARN_UNUSED_VARIABLE = YES;
				IPHONEOS_DEPLOYMENT_TARGET = 10.3;
				MTL_ENABLE_DEBUG_INFO = YES;
				ONLY_ACTIVE_ARCH = YES;
				SDKROOT = iphoneos;
				SWIFT_ACTIVE_COMPILATION_CONDITIONS = DEBUG;
				SWIFT_OPTIMIZATION_LEVEL = "-Onone";
			};
			name = Debug;
		};
		5310EEAE1F4DCD0A00486589 /* Release */ = {
			isa = XCBuildConfiguration;
			buildSettings = {
				ALWAYS_SEARCH_USER_PATHS = NO;
				CLANG_ANALYZER_NONNULL = YES;
				CLANG_ANALYZER_NUMBER_OBJECT_CONVERSION = YES_AGGRESSIVE;
				CLANG_CXX_LANGUAGE_STANDARD = "gnu++0x";
				CLANG_CXX_LIBRARY = "libc++";
				CLANG_ENABLE_MODULES = YES;
				CLANG_ENABLE_OBJC_ARC = YES;
				CLANG_WARN_BOOL_CONVERSION = YES;
				CLANG_WARN_CONSTANT_CONVERSION = YES;
				CLANG_WARN_DIRECT_OBJC_ISA_USAGE = YES_ERROR;
				CLANG_WARN_DOCUMENTATION_COMMENTS = YES;
				CLANG_WARN_EMPTY_BODY = YES;
				CLANG_WARN_ENUM_CONVERSION = YES;
				CLANG_WARN_INFINITE_RECURSION = YES;
				CLANG_WARN_INT_CONVERSION = YES;
				CLANG_WARN_OBJC_ROOT_CLASS = YES_ERROR;
				CLANG_WARN_SUSPICIOUS_MOVE = YES;
				CLANG_WARN_UNREACHABLE_CODE = YES;
				CLANG_WARN__DUPLICATE_METHOD_MATCH = YES;
				"CODE_SIGN_IDENTITY[sdk=iphoneos*]" = "iPhone Developer";
				COPY_PHASE_STRIP = NO;
				DEBUG_INFORMATION_FORMAT = "dwarf-with-dsym";
				ENABLE_NS_ASSERTIONS = NO;
				ENABLE_STRICT_OBJC_MSGSEND = YES;
				GCC_C_LANGUAGE_STANDARD = gnu99;
				GCC_NO_COMMON_BLOCKS = YES;
				GCC_WARN_64_TO_32_BIT_CONVERSION = YES;
				GCC_WARN_ABOUT_RETURN_TYPE = YES_ERROR;
				GCC_WARN_UNDECLARED_SELECTOR = YES;
				GCC_WARN_UNINITIALIZED_AUTOS = YES_AGGRESSIVE;
				GCC_WARN_UNUSED_FUNCTION = YES;
				GCC_WARN_UNUSED_VARIABLE = YES;
				IPHONEOS_DEPLOYMENT_TARGET = 10.3;
				MTL_ENABLE_DEBUG_INFO = NO;
				SDKROOT = iphoneos;
				SWIFT_OPTIMIZATION_LEVEL = "-Owholemodule";
				VALIDATE_PRODUCT = YES;
			};
			name = Release;
		};
		5310EEB01F4DCD0A00486589 /* Debug */ = {
			isa = XCBuildConfiguration;
			baseConfigurationReference = F4EF3DDFB7567F930C84339F /* Pods-OOG-iOS.debug.xcconfig */;
			buildSettings = {
				ASSETCATALOG_COMPILER_APPICON_NAME = AppIcon;
				INFOPLIST_FILE = "OOG-iOS/Info.plist";
				LD_RUNPATH_SEARCH_PATHS = "$(inherited) @executable_path/Frameworks";
				PRODUCT_BUNDLE_IDENTIFIER = "nathan.OOG-iOS";
				PRODUCT_NAME = "$(TARGET_NAME)";
				SWIFT_OBJC_BRIDGING_HEADER = "./OOG-iOS/Map-Bridging.h";
				SWIFT_VERSION = 3.0;
			};
			name = Debug;
		};
		5310EEB11F4DCD0A00486589 /* Release */ = {
			isa = XCBuildConfiguration;
			baseConfigurationReference = 85BC7E30828E48D9641450F7 /* Pods-OOG-iOS.release.xcconfig */;
			buildSettings = {
				ASSETCATALOG_COMPILER_APPICON_NAME = AppIcon;
				INFOPLIST_FILE = "OOG-iOS/Info.plist";
				LD_RUNPATH_SEARCH_PATHS = "$(inherited) @executable_path/Frameworks";
				PRODUCT_BUNDLE_IDENTIFIER = "nathan.OOG-iOS";
				PRODUCT_NAME = "$(TARGET_NAME)";
				SWIFT_OBJC_BRIDGING_HEADER = "./OOG-iOS/Map-Bridging.h";
				SWIFT_VERSION = 3.0;
			};
			name = Release;
		};
/* End XCBuildConfiguration section */

/* Begin XCConfigurationList section */
		5310EE981F4DCD0A00486589 /* Build configuration list for PBXProject "OOG-iOS" */ = {
			isa = XCConfigurationList;
			buildConfigurations = (
				5310EEAD1F4DCD0A00486589 /* Debug */,
				5310EEAE1F4DCD0A00486589 /* Release */,
			);
			defaultConfigurationIsVisible = 0;
			defaultConfigurationName = Release;
		};
		5310EEAF1F4DCD0A00486589 /* Build configuration list for PBXNativeTarget "OOG-iOS" */ = {
			isa = XCConfigurationList;
			buildConfigurations = (
				5310EEB01F4DCD0A00486589 /* Debug */,
				5310EEB11F4DCD0A00486589 /* Release */,
			);
			defaultConfigurationIsVisible = 0;
			defaultConfigurationName = Release;
		};
/* End XCConfigurationList section */
	};
	rootObject = 5310EE951F4DCD0A00486589 /* Project object */;
}
